%{
  "gen_state_machine": {:hex, :gen_state_machine, "3.0.0", "1e57f86a494e5c6b14137ebef26a7eb342b3b0070c7135f2d6768ed3f6b6cdff", [:mix], [], "hexpm", "0a59652574bebceb7309f6b749d2a41b45fdeda8dbb4da0791e355dd19f0ed15"},
  "klf200": {:hex, :klf200, "0.1.5", "04b424261bf05d910f2e0df37583b8eedadcd43789075eb8a1ae819274750787", [:mix], [{:socket, "~> 0.3", [hex: :socket, repo: "hexpm", optional: false]}], "hexpm", "a259e151a30d0d553b8d1e7ef0744f5b1150d37256df949e4f42d9e0ca23e54e"},
  "socket": {:hex, :socket, "0.3.13", "98a2ab20ce17f95fb512c5cadddba32b57273e0d2dba2d2e5f976c5969d0c632", [:mix], [], "hexpm", "f82ea9833ef49dde272e6568ab8aac657a636acb4cf44a7de8a935acb8957c2e"},
  "telemetry": {:hex, :telemetry, "1.3.0", "fedebbae410d715cf8e7062c96a1ef32ec22e764197f70cda73d82778d61e7a2", [:rebar3], [], "hexpm", "7015fc8919dbe63764f4b4b87a95b7c0996bd539e0d499be6ec9d7f3875b79e6"},
  "tortoise": {:hex, :tortoise, "0.10.0", "d8821b9a5052355ca61d9fa784652f435997fa98b210f88565c98f3494605efd", [:mix], [{:gen_state_machine, "~> 2.0 or ~> 3.0", [hex: :gen_state_machine, repo: "hexpm", optional: false]}], "hexpm", "926d97b03cd0d2f6e0e1ebf06c1efa50101de96d0317dea5604c1c9e43e66735"},
  "tortoise311": {:hex, :tortoise311, "0.12.0", "05c1f78da9aa3f7563ad66c71d2cb7904890797437078e86173d65d2a2d06f64", [:mix], [{:gen_state_machine, "~> 2.0 or ~> 3.0", [hex: :gen_state_machine, repo: "hexpm", optional: false]}, {:telemetry, "~> 1.0", [hex: :telemetry, repo: "hexpm", optional: false]}], "hexpm", "b8bd5b1b603f75355d02c655e496a2cbb59c754e45014bcb86968899297197bb"},
}
